
Microsoft Visual Studio Solution File, Format Version 12.00
# Visual Studio 15
VisualStudioVersion = 15.0.28307.902
MinimumVisualStudioVersion = 10.0.40219.1
Project("{FAE04EC0-301F-11D3-BF4B-00C04F79EFBC}") = "Stepik", "Stepik\Stepik.csproj", "{D9B5D558-7C12-456B-B89E-89F386474113}"
EndProject
Global
	GlobalSection(SolutionConfigurationPlatforms) = preSolution
		Debug|Any CPU = Debug|Any CPU
		Release|Any CPU = Release|Any CPU
	EndGlobalSection
	GlobalSection(ProjectConfigurationPlatforms) = postSolution
		{D9B5D558-7C12-456B-B89E-89F386474113}.Debug|Any CPU.ActiveCfg = Debug|Any CPU
		{D9B5D558-7C12-456B-B89E-89F386474113}.Debug|Any CPU.Build.0 = Debug|Any CPU
		{D9B5D558-7C12-456B-B89E-89F386474113}.Release|Any CPU.ActiveCfg = Release|Any CPU
		{D9B5D558-7C12-456B-B89E-89F386474113}.Release|Any CPU.Build.0 = Release|Any CPU
	EndGlobalSection
	GlobalSection(SolutionProperties) = preSolution
		HideSolutionNode = FALSE
	EndGlobalSection
	GlobalSection(ExtensibilityGlobals) = postSolution
		SolutionGuid = {727F062B-72D5-44C6-A22B-D6CAE66EF0AB}
	EndGlobalSection
EndGlobal
