
Microsoft Visual Studio Solution File, Format Version 12.00
# Visual Studio Version 16
VisualStudioVersion = 16.0.29519.181
MinimumVisualStudioVersion = 10.0.40219.1
Project("{FAE04EC0-301F-11D3-BF4B-00C04F79EFBC}") = "Lesson426", "Lesson426\Lesson426.csproj", "{1A7C2793-4B79-43AC-BE4F-CF6C01DBCC21}"
EndProject
Global
	GlobalSection(SolutionConfigurationPlatforms) = preSolution
		Debug|Any CPU = Debug|Any CPU
		Release|Any CPU = Release|Any CPU
	EndGlobalSection
	GlobalSection(ProjectConfigurationPlatforms) = postSolution
		{1A7C2793-4B79-43AC-BE4F-CF6C01DBCC21}.Debug|Any CPU.ActiveCfg = Debug|Any CPU
		{1A7C2793-4B79-43AC-BE4F-CF6C01DBCC21}.Debug|Any CPU.Build.0 = Debug|Any CPU
		{1A7C2793-4B79-43AC-BE4F-CF6C01DBCC21}.Release|Any CPU.ActiveCfg = Release|Any CPU
		{1A7C2793-4B79-43AC-BE4F-CF6C01DBCC21}.Release|Any CPU.Build.0 = Release|Any CPU
	EndGlobalSection
	GlobalSection(SolutionProperties) = preSolution
		HideSolutionNode = FALSE
	EndGlobalSection
	GlobalSection(ExtensibilityGlobals) = postSolution
		SolutionGuid = {AFBF0EBF-4A2C-4396-92B3-9F64F3E2126D}
	EndGlobalSection
EndGlobal
