
Microsoft Visual Studio Solution File, Format Version 12.00
# Visual Studio Version 16
VisualStudioVersion = 16.0.29519.181
MinimumVisualStudioVersion = 10.0.40219.1
Project("{FAE04EC0-301F-11D3-BF4B-00C04F79EFBC}") = "lesson421", "lesson421\lesson421.csproj", "{544F3D06-BD02-43FA-A4C2-6AE79300C485}"
EndProject
Global
	GlobalSection(SolutionConfigurationPlatforms) = preSolution
		Debug|Any CPU = Debug|Any CPU
		Release|Any CPU = Release|Any CPU
	EndGlobalSection
	GlobalSection(ProjectConfigurationPlatforms) = postSolution
		{544F3D06-BD02-43FA-A4C2-6AE79300C485}.Debug|Any CPU.ActiveCfg = Debug|Any CPU
		{544F3D06-BD02-43FA-A4C2-6AE79300C485}.Debug|Any CPU.Build.0 = Debug|Any CPU
		{544F3D06-BD02-43FA-A4C2-6AE79300C485}.Release|Any CPU.ActiveCfg = Release|Any CPU
		{544F3D06-BD02-43FA-A4C2-6AE79300C485}.Release|Any CPU.Build.0 = Release|Any CPU
	EndGlobalSection
	GlobalSection(SolutionProperties) = preSolution
		HideSolutionNode = FALSE
	EndGlobalSection
	GlobalSection(ExtensibilityGlobals) = postSolution
		SolutionGuid = {F206397E-1AC9-4D13-B3AB-11A3B5289308}
	EndGlobalSection
EndGlobal
