
Microsoft Visual Studio Solution File, Format Version 12.00
# Visual Studio Version 16
VisualStudioVersion = 16.0.29519.181
MinimumVisualStudioVersion = 10.0.40219.1
Project("{FAE04EC0-301F-11D3-BF4B-00C04F79EFBC}") = "lesson425", "lesson425\lesson425.csproj", "{F4D15DCE-02D2-4306-AA35-D7EB5065DA29}"
EndProject
Global
	GlobalSection(SolutionConfigurationPlatforms) = preSolution
		Debug|Any CPU = Debug|Any CPU
		Release|Any CPU = Release|Any CPU
	EndGlobalSection
	GlobalSection(ProjectConfigurationPlatforms) = postSolution
		{F4D15DCE-02D2-4306-AA35-D7EB5065DA29}.Debug|Any CPU.ActiveCfg = Debug|Any CPU
		{F4D15DCE-02D2-4306-AA35-D7EB5065DA29}.Debug|Any CPU.Build.0 = Debug|Any CPU
		{F4D15DCE-02D2-4306-AA35-D7EB5065DA29}.Release|Any CPU.ActiveCfg = Release|Any CPU
		{F4D15DCE-02D2-4306-AA35-D7EB5065DA29}.Release|Any CPU.Build.0 = Release|Any CPU
	EndGlobalSection
	GlobalSection(SolutionProperties) = preSolution
		HideSolutionNode = FALSE
	EndGlobalSection
	GlobalSection(ExtensibilityGlobals) = postSolution
		SolutionGuid = {2114DB98-8F96-4619-BC31-0137E6A0F6DA}
	EndGlobalSection
EndGlobal
